// !$*UTF8*$!
{
	archiveVersion = 1;
	classes = {
	};
	objectVersion = 56;
	objects = {

/* Begin PBXBuildFile section */
		BBC1CEC82D1B392100D8BFB3 /* fifth_trainingApp.swift in Sources */ = {isa = PBXBuildFile; fileRef = BBC1CEC72D1B392100D8BFB3 /* fifth_trainingApp.swift */; };
		BBC1CECA2D1B392100D8BFB3 /* ContentView.swift in Sources */ = {isa = PBXBuildFile; fileRef = BBC1CEC92D1B392100D8BFB3 /* ContentView.swift */; };
		BBC1CECC2D1B392400D8BFB3 /* Assets.xcassets in Resources */ = {isa = PBXBuildFile; fileRef = BBC1CECB2D1B392400D8BFB3 /* Assets.xcassets */; };
		BBC1CECF2D1B392400D8BFB3 /* Preview Assets.xcassets in Resources */ = {isa = PBXBuildFile; fileRef = BBC1CECE2D1B392400D8BFB3 /* Preview Assets.xcassets */; };
		BBC1CED92D1B392400D8BFB3 /* fifth_trainingTests.swift in Sources */ = {isa = PBXBuildFile; fileRef = BBC1CED82D1B392400D8BFB3 /* fifth_trainingTests.swift */; };
		BBC1CEE32D1B392500D8BFB3 /* fifth_trainingUITests.swift in Sources */ = {isa = PBXBuildFile; fileRef = BBC1CEE22D1B392500D8BFB3 /* fifth_trainingUITests.swift */; };
		BBC1CEE52D1B392500D8BFB3 /* fifth_trainingUITestsLaunchTests.swift in Sources */ = {isa = PBXBuildFile; fileRef = BBC1CEE42D1B392500D8BFB3 /* fifth_trainingUITestsLaunchTests.swift */; };
/* End PBXBuildFile section */

/* Begin PBXContainerItemProxy section */
		BBC1CED52D1B392400D8BFB3 /* PBXContainerItemProxy */ = {
			isa = PBXContainerItemProxy;
			containerPortal = BBC1CEBC2D1B392100D8BFB3 /* Project object */;
			proxyType = 1;
			remoteGlobalIDString = BBC1CEC32D1B392100D8BFB3;
			remoteInfo = "fifth training";
		};
		BBC1CEDF2D1B392500D8BFB3 /* PBXContainerItemProxy */ = {
			isa = PBXContainerItemProxy;
			containerPortal = BBC1CEBC2D1B392100D8BFB3 /* Project object */;
			proxyType = 1;
			remoteGlobalIDString = BBC1CEC32D1B392100D8BFB3;
			remoteInfo = "fifth training";
		};
/* End PBXContainerItemProxy section */

/* Begin PBXFileReference section */
		BBC1CEC42D1B392100D8BFB3 /* fifth training.app */ = {isa = PBXFileReference; explicitFileType = wrapper.application; includeInIndex = 0; path = "fifth training.app"; sourceTree = BUILT_PRODUCTS_DIR; };
		BBC1CEC72D1B392100D8BFB3 /* fifth_trainingApp.swift */ = {isa = PBXFileReference; lastKnownFileType = sourcecode.swift; path = fifth_trainingApp.swift; sourceTree = "<group>"; };
		BBC1CEC92D1B392100D8BFB3 /* ContentView.swift */ = {isa = PBXFileReference; lastKnownFileType = sourcecode.swift; path = ContentView.swift; sourceTree = "<group>"; };
		BBC1CECB2D1B392400D8BFB3 /* Assets.xcassets */ = {isa = PBXFileReference; lastKnownFileType = folder.assetcatalog; path = Assets.xcassets; sourceTree = "<group>"; };
		BBC1CECE2D1B392400D8BFB3 /* Preview Assets.xcassets */ = {isa = PBXFileReference; lastKnownFileType = folder.assetcatalog; path = "Preview Assets.xcassets"; sourceTree = "<group>"; };
		BBC1CED42D1B392400D8BFB3 /* fifth trainingTests.xctest */ = {isa = PBXFileReference; explicitFileType = wrapper.cfbundle; includeInIndex = 0; path = "fifth trainingTests.xctest"; sourceTree = BUILT_PRODUCTS_DIR; };
		BBC1CED82D1B392400D8BFB3 /* fifth_trainingTests.swift */ = {isa = PBXFileReference; lastKnownFileType = sourcecode.swift; path = fifth_trainingTests.swift; sourceTree = "<group>"; };
		BBC1CEDE2D1B392500D8BFB3 /* fifth trainingUITests.xctest */ = {isa = PBXFileReference; explicitFileType = wrapper.cfbundle; includeInIndex = 0; path = "fifth trainingUITests.xctest"; sourceTree = BUILT_PRODUCTS_DIR; };
		BBC1CEE22D1B392500D8BFB3 /* fifth_trainingUITests.swift */ = {isa = PBXFileReference; lastKnownFileType = sourcecode.swift; path = fifth_trainingUITests.swift; sourceTree = "<group>"; };
		BBC1CEE42D1B392500D8BFB3 /* fifth_trainingUITestsLaunchTests.swift */ = {isa = PBXFileReference; lastKnownFileType = sourcecode.swift; path = fifth_trainingUITestsLaunchTests.swift; sourceTree = "<group>"; };
/* End PBXFileReference section */

/* Begin PBXFrameworksBuildPhase section */
		BBC1CEC12D1B392100D8BFB3 /* Frameworks */ = {
			isa = PBXFrameworksBuildPhase;
			buildActionMask = 2147483647;
			files = (
			);
			runOnlyForDeploymentPostprocessing = 0;
		};
		BBC1CED12D1B392400D8BFB3 /* Frameworks */ = {
			isa = PBXFrameworksBuildPhase;
			buildActionMask = 2147483647;
			files = (
			);
			runOnlyForDeploymentPostprocessing = 0;
		};
		BBC1CEDB2D1B392500D8BFB3 /* Frameworks */ = {
			isa = PBXFrameworksBuildPhase;
			buildActionMask = 2147483647;
			files = (
			);
			runOnlyForDeploymentPostprocessing = 0;
		};
/* End PBXFrameworksBuildPhase section */

/* Begin PBXGroup section */
		BBC1CEBB2D1B392100D8BFB3 = {
			isa = PBXGroup;
			children = (
				BBC1CEC62D1B392100D8BFB3 /* fifth training */,
				BBC1CED72D1B392400D8BFB3 /* fifth trainingTests */,
				BBC1CEE12D1B392500D8BFB3 /* fifth trainingUITests */,
				BBC1CEC52D1B392100D8BFB3 /* Products */,
			);
			sourceTree = "<group>";
		};
		BBC1CEC52D1B392100D8BFB3 /* Products */ = {
			isa = PBXGroup;
			children = (
				BBC1CEC42D1B392100D8BFB3 /* fifth training.app */,
				BBC1CED42D1B392400D8BFB3 /* fifth trainingTests.xctest */,
				BBC1CEDE2D1B392500D8BFB3 /* fifth trainingUITests.xctest */,
			);
			name = Products;
			sourceTree = "<group>";
		};
		BBC1CEC62D1B392100D8BFB3 /* fifth training */ = {
			isa = PBXGroup;
			children = (
				BBC1CEC72D1B392100D8BFB3 /* fifth_trainingApp.swift */,
				BBC1CEC92D1B392100D8BFB3 /* ContentView.swift */,
				BBC1CECB2D1B392400D8BFB3 /* Assets.xcassets */,
				BBC1CECD2D1B392400D8BFB3 /* Preview Content */,
			);
			path = "fifth training";
			sourceTree = "<group>";
		};
		BBC1CECD2D1B392400D8BFB3 /* Preview Content */ = {
			isa = PBXGroup;
			children = (
				BBC1CECE2D1B392400D8BFB3 /* Preview Assets.xcassets */,
			);
			path = "Preview Content";
			sourceTree = "<group>";
		};
		BBC1CED72D1B392400D8BFB3 /* fifth trainingTests */ = {
			isa = PBXGroup;
			children = (
				BBC1CED82D1B392400D8BFB3 /* fifth_trainingTests.swift */,
			);
			path = "fifth trainingTests";
			sourceTree = "<group>";
		};
		BBC1CEE12D1B392500D8BFB3 /* fifth trainingUITests */ = {
			isa = PBXGroup;
			children = (
				BBC1CEE22D1B392500D8BFB3 /* fifth_trainingUITests.swift */,
				BBC1CEE42D1B392500D8BFB3 /* fifth_trainingUITestsLaunchTests.swift */,
			);
			path = "fifth trainingUITests";
			sourceTree = "<group>";
		};
/* End PBXGroup section */

/* Begin PBXNativeTarget section */
		BBC1CEC32D1B392100D8BFB3 /* fifth training */ = {
			isa = PBXNativeTarget;
			buildConfigurationList = BBC1CEE82D1B392500D8BFB3 /* Build configuration list for PBXNativeTarget "fifth training" */;
			buildPhases = (
				BBC1CEC02D1B392100D8BFB3 /* Sources */,
				BBC1CEC12D1B392100D8BFB3 /* Frameworks */,
				BBC1CEC22D1B392100D8BFB3 /* Resources */,
			);
			buildRules = (
			);
			dependencies = (
			);
			name = "fifth training";
			productName = "fifth training";
			productReference = BBC1CEC42D1B392100D8BFB3 /* fifth training.app */;
			productType = "com.apple.product-type.application";
		};
		BBC1CED32D1B392400D8BFB3 /* fifth trainingTests */ = {
			isa = PBXNativeTarget;
			buildConfigurationList = BBC1CEEB2D1B392500D8BFB3 /* Build configuration list for PBXNativeTarget "fifth trainingTests" */;
			buildPhases = (
				BBC1CED02D1B392400D8BFB3 /* Sources */,
				BBC1CED12D1B392400D8BFB3 /* Frameworks */,
				BBC1CED22D1B392400D8BFB3 /* Resources */,
			);
			buildRules = (
			);
			dependencies = (
				BBC1CED62D1B392400D8BFB3 /* PBXTargetDependency */,
			);
			name = "fifth trainingTests";
			productName = "fifth trainingTests";
			productReference = BBC1CED42D1B392400D8BFB3 /* fifth trainingTests.xctest */;
			productType = "com.apple.product-type.bundle.unit-test";
		};
		BBC1CEDD2D1B392500D8BFB3 /* fifth trainingUITests */ = {
			isa = PBXNativeTarget;
			buildConfigurationList = BBC1CEEE2D1B392500D8BFB3 /* Build configuration list for PBXNativeTarget "fifth trainingUITests" */;
			buildPhases = (
				BBC1CEDA2D1B392500D8BFB3 /* Sources */,
				BBC1CEDB2D1B392500D8BFB3 /* Frameworks */,
				BBC1CEDC2D1B392500D8BFB3 /* Resources */,
			);
			buildRules = (
			);
			dependencies = (
				BBC1CEE02D1B392500D8BFB3 /* PBXTargetDependency */,
			);
			name = "fifth trainingUITests";
			productName = "fifth trainingUITests";
			productReference = BBC1CEDE2D1B392500D8BFB3 /* fifth trainingUITests.xctest */;
			productType = "com.apple.product-type.bundle.ui-testing";
		};
/* End PBXNativeTarget section */

/* Begin PBXProject section */
		BBC1CEBC2D1B392100D8BFB3 /* Project object */ = {
			isa = PBXProject;
			attributes = {
				BuildIndependentTargetsInParallel = 1;
				LastSwiftUpdateCheck = 1540;
				LastUpgradeCheck = 1540;
				TargetAttributes = {
					BBC1CEC32D1B392100D8BFB3 = {
						CreatedOnToolsVersion = 15.4;
					};
					BBC1CED32D1B392400D8BFB3 = {
						CreatedOnToolsVersion = 15.4;
						TestTargetID = BBC1CEC32D1B392100D8BFB3;
					};
					BBC1CEDD2D1B392500D8BFB3 = {
						CreatedOnToolsVersion = 15.4;
						TestTargetID = BBC1CEC32D1B392100D8BFB3;
					};
				};
			};
			buildConfigurationList = BBC1CEBF2D1B392100D8BFB3 /* Build configuration list for PBXProject "fifth training" */;
			compatibilityVersion = "Xcode 14.0";
			developmentRegion = en;
			hasScannedForEncodings = 0;
			knownRegions = (
				en,
				Base,
			);
			mainGroup = BBC1CEBB2D1B392100D8BFB3;
			productRefGroup = BBC1CEC52D1B392100D8BFB3 /* Products */;
			projectDirPath = "";
			projectRoot = "";
			targets = (
				BBC1CEC32D1B392100D8BFB3 /* fifth training */,
				BBC1CED32D1B392400D8BFB3 /* fifth trainingTests */,
				BBC1CEDD2D1B392500D8BFB3 /* fifth trainingUITests */,
			);
		};
/* End PBXProject section */

/* Begin PBXResourcesBuildPhase section */
		BBC1CEC22D1B392100D8BFB3 /* Resources */ = {
			isa = PBXResourcesBuildPhase;
			buildActionMask = 2147483647;
			files = (
				BBC1CECF2D1B392400D8BFB3 /* Preview Assets.xcassets in Resources */,
				BBC1CECC2D1B392400D8BFB3 /* Assets.xcassets in Resources */,
			);
			runOnlyForDeploymentPostprocessing = 0;
		};
		BBC1CED22D1B392400D8BFB3 /* Resources */ = {
			isa = PBXResourcesBuildPhase;
			buildActionMask = 2147483647;
			files = (
			);
			runOnlyForDeploymentPostprocessing = 0;
		};
		BBC1CEDC2D1B392500D8BFB3 /* Resources */ = {
			isa = PBXResourcesBuildPhase;
			buildActionMask = 2147483647;
			files = (
			);
			runOnlyForDeploymentPostprocessing = 0;
		};
/* End PBXResourcesBuildPhase section */

/* Begin PBXSourcesBuildPhase section */
		BBC1CEC02D1B392100D8BFB3 /* Sources */ = {
			isa = PBXSourcesBuildPhase;
			buildActionMask = 2147483647;
			files = (
				BBC1CECA2D1B392100D8BFB3 /* ContentView.swift in Sources */,
				BBC1CEC82D1B392100D8BFB3 /* fifth_trainingApp.swift in Sources */,
			);
			runOnlyForDeploymentPostprocessing = 0;
		};
		BBC1CED02D1B392400D8BFB3 /* Sources */ = {
			isa = PBXSourcesBuildPhase;
			buildActionMask = 2147483647;
			files = (
				BBC1CED92D1B392400D8BFB3 /* fifth_trainingTests.swift in Sources */,
			);
			runOnlyForDeploymentPostprocessing = 0;
		};
		BBC1CEDA2D1B392500D8BFB3 /* Sources */ = {
			isa = PBXSourcesBuildPhase;
			buildActionMask = 2147483647;
			files = (
				BBC1CEE52D1B392500D8BFB3 /* fifth_trainingUITestsLaunchTests.swift in Sources */,
				BBC1CEE32D1B392500D8BFB3 /* fifth_trainingUITests.swift in Sources */,
			);
			runOnlyForDeploymentPostprocessing = 0;
		};
/* End PBXSourcesBuildPhase section */

/* Begin PBXTargetDependency section */
		BBC1CED62D1B392400D8BFB3 /* PBXTargetDependency */ = {
			isa = PBXTargetDependency;
			target = BBC1CEC32D1B392100D8BFB3 /* fifth training */;
			targetProxy = BBC1CED52D1B392400D8BFB3 /* PBXContainerItemProxy */;
		};
		BBC1CEE02D1B392500D8BFB3 /* PBXTargetDependency */ = {
			isa = PBXTargetDependency;
			target = BBC1CEC32D1B392100D8BFB3 /* fifth training */;
			targetProxy = BBC1CEDF2D1B392500D8BFB3 /* PBXContainerItemProxy */;
		};
/* End PBXTargetDependency section */

/* Begin XCBuildConfiguration section */
		BBC1CEE62D1B392500D8BFB3 /* Debug */ = {
			isa = XCBuildConfiguration;
			buildSettings = {
				ALWAYS_SEARCH_USER_PATHS = NO;
				ASSETCATALOG_COMPILER_GENERATE_SWIFT_ASSET_SYMBOL_EXTENSIONS = YES;
				CLANG_ANALYZER_NONNULL = YES;
				CLANG_ANALYZER_NUMBER_OBJECT_CONVERSION = YES_AGGRESSIVE;
				CLANG_CXX_LANGUAGE_STANDARD = "gnu++20";
				CLANG_ENABLE_MODULES = YES;
				CLANG_ENABLE_OBJC_ARC = YES;
				CLANG_ENABLE_OBJC_WEAK = YES;
				CLANG_WARN_BLOCK_CAPTURE_AUTORELEASING = YES;
				CLANG_WARN_BOOL_CONVERSION = YES;
				CLANG_WARN_COMMA = YES;
				CLANG_WARN_CONSTANT_CONVERSION = YES;
				CLANG_WARN_DEPRECATED_OBJC_IMPLEMENTATIONS = YES;
				CLANG_WARN_DIRECT_OBJC_ISA_USAGE = YES_ERROR;
				CLANG_WARN_DOCUMENTATION_COMMENTS = YES;
				CLANG_WARN_EMPTY_BODY = YES;
				CLANG_WARN_ENUM_CONVERSION = YES;
				CLANG_WARN_INFINITE_RECURSION = YES;
				CLANG_WARN_INT_CONVERSION = YES;
				CLANG_WARN_NON_LITERAL_NULL_CONVERSION = YES;
				CLANG_WARN_OBJC_IMPLICIT_RETAIN_SELF = YES;
				CLANG_WARN_OBJC_LITERAL_CONVERSION = YES;
				CLANG_WARN_OBJC_ROOT_CLASS = YES_ERROR;
				CLANG_WARN_QUOTED_INCLUDE_IN_FRAMEWORK_HEADER = YES;
				CLANG_WARN_RANGE_LOOP_ANALYSIS = YES;
				CLANG_WARN_STRICT_PROTOTYPES = YES;
				CLANG_WARN_SUSPICIOUS_MOVE = YES;
				CLANG_WARN_UNGUARDED_AVAILABILITY = YES_AGGRESSIVE;
				CLANG_WARN_UNREACHABLE_CODE = YES;
				CLANG_WARN__DUPLICATE_METHOD_MATCH = YES;
				COPY_PHASE_STRIP = NO;
				DEBUG_INFORMATION_FORMAT = dwarf;
				ENABLE_STRICT_OBJC_MSGSEND = YES;
				ENABLE_TESTABILITY = YES;
				ENABLE_USER_SCRIPT_SANDBOXING = YES;
				GCC_C_LANGUAGE_STANDARD = gnu17;
				GCC_DYNAMIC_NO_PIC = NO;
				GCC_NO_COMMON_BLOCKS = YES;
				GCC_OPTIMIZATION_LEVEL = 0;
				GCC_PREPROCESSOR_DEFINITIONS = (
					"DEBUG=1",
					"$(inherited)",
				);
				GCC_WARN_64_TO_32_BIT_CONVERSION = YES;
				GCC_WARN_ABOUT_RETURN_TYPE = YES_ERROR;
				GCC_WARN_UNDECLARED_SELECTOR = YES;
				GCC_WARN_UNINITIALIZED_AUTOS = YES_AGGRESSIVE;
				GCC_WARN_UNUSED_FUNCTION = YES;
				GCC_WARN_UNUSED_VARIABLE = YES;
				IPHONEOS_DEPLOYMENT_TARGET = 17.5;
				LOCALIZATION_PREFERS_STRING_CATALOGS = YES;
				MTL_ENABLE_DEBUG_INFO = INCLUDE_SOURCE;
				MTL_FAST_MATH = YES;
				ONLY_ACTIVE_ARCH = YES;
				SDKROOT = iphoneos;
				SWIFT_ACTIVE_COMPILATION_CONDITIONS = "DEBUG $(inherited)";
				SWIFT_OPTIMIZATION_LEVEL = "-Onone";
			};
			name = Debug;
		};
		BBC1CEE72D1B392500D8BFB3 /* Release */ = {
			isa = XCBuildConfiguration;
			buildSettings = {
				ALWAYS_SEARCH_USER_PATHS = NO;
				ASSETCATALOG_COMPILER_GENERATE_SWIFT_ASSET_SYMBOL_EXTENSIONS = YES;
				CLANG_ANALYZER_NONNULL = YES;
				CLANG_ANALYZER_NUMBER_OBJECT_CONVERSION = YES_AGGRESSIVE;
				CLANG_CXX_LANGUAGE_STANDARD = "gnu++20";
				CLANG_ENABLE_MODULES = YES;
				CLANG_ENABLE_OBJC_ARC = YES;
				CLANG_ENABLE_OBJC_WEAK = YES;
				CLANG_WARN_BLOCK_CAPTURE_AUTORELEASING = YES;
				CLANG_WARN_BOOL_CONVERSION = YES;
				CLANG_WARN_COMMA = YES;
				CLANG_WARN_CONSTANT_CONVERSION = YES;
				CLANG_WARN_DEPRECATED_OBJC_IMPLEMENTATIONS = YES;
				CLANG_WARN_DIRECT_OBJC_ISA_USAGE = YES_ERROR;
				CLANG_WARN_DOCUMENTATION_COMMENTS = YES;
				CLANG_WARN_EMPTY_BODY = YES;
				CLANG_WARN_ENUM_CONVERSION = YES;
				CLANG_WARN_INFINITE_RECURSION = YES;
				CLANG_WARN_INT_CONVERSION = YES;
				CLANG_WARN_NON_LITERAL_NULL_CONVERSION = YES;
				CLANG_WARN_OBJC_IMPLICIT_RETAIN_SELF = YES;
				CLANG_WARN_OBJC_LITERAL_CONVERSION = YES;
				CLANG_WARN_OBJC_ROOT_CLASS = YES_ERROR;
				CLANG_WARN_QUOTED_INCLUDE_IN_FRAMEWORK_HEADER = YES;
				CLANG_WARN_RANGE_LOOP_ANALYSIS = YES;
				CLANG_WARN_STRICT_PROTOTYPES = YES;
				CLANG_WARN_SUSPICIOUS_MOVE = YES;
				CLANG_WARN_UNGUARDED_AVAILABILITY = YES_AGGRESSIVE;
				CLANG_WARN_UNREACHABLE_CODE = YES;
				CLANG_WARN__DUPLICATE_METHOD_MATCH = YES;
				COPY_PHASE_STRIP = NO;
				DEBUG_INFORMATION_FORMAT = "dwarf-with-dsym";
				ENABLE_NS_ASSERTIONS = NO;
				ENABLE_STRICT_OBJC_MSGSEND = YES;
				ENABLE_USER_SCRIPT_SANDBOXING = YES;
				GCC_C_LANGUAGE_STANDARD = gnu17;
				GCC_NO_COMMON_BLOCKS = YES;
				GCC_WARN_64_TO_32_BIT_CONVERSION = YES;
				GCC_WARN_ABOUT_RETURN_TYPE = YES_ERROR;
				GCC_WARN_UNDECLARED_SELECTOR = YES;
				GCC_WARN_UNINITIALIZED_AUTOS = YES_AGGRESSIVE;
				GCC_WARN_UNUSED_FUNCTION = YES;
				GCC_WARN_UNUSED_VARIABLE = YES;
				IPHONEOS_DEPLOYMENT_TARGET = 17.5;
				LOCALIZATION_PREFERS_STRING_CATALOGS = YES;
				MTL_ENABLE_DEBUG_INFO = NO;
				MTL_FAST_MATH = YES;
				SDKROOT = iphoneos;
				SWIFT_COMPILATION_MODE = wholemodule;
				VALIDATE_PRODUCT = YES;
			};
			name = Release;
		};
		BBC1CEE92D1B392500D8BFB3 /* Debug */ = {
			isa = XCBuildConfiguration;
			buildSettings = {
				ASSETCATALOG_COMPILER_APPICON_NAME = AppIcon;
				ASSETCATALOG_COMPILER_GLOBAL_ACCENT_COLOR_NAME = AccentColor;
				CODE_SIGN_STYLE = Automatic;
				CURRENT_PROJECT_VERSION = 1;
				DEVELOPMENT_ASSET_PATHS = "\"fifth training/Preview Content\"";
				ENABLE_PREVIEWS = YES;
				GENERATE_INFOPLIST_FILE = YES;
				INFOPLIST_KEY_UIApplicationSceneManifest_Generation = YES;
				INFOPLIST_KEY_UIApplicationSupportsIndirectInputEvents = YES;
				INFOPLIST_KEY_UILaunchScreen_Generation = YES;
				INFOPLIST_KEY_UISupportedInterfaceOrientations_iPad = "UIInterfaceOrientationPortrait UIInterfaceOrientationPortraitUpsideDown UIInterfaceOrientationLandscapeLeft UIInterfaceOrientationLandscapeRight";
				INFOPLIST_KEY_UISupportedInterfaceOrientations_iPhone = "UIInterfaceOrientationPortrait UIInterfaceOrientationLandscapeLeft UIInterfaceOrientationLandscapeRight";
				LD_RUNPATH_SEARCH_PATHS = (
					"$(inherited)",
					"@executable_path/Frameworks",
				);
				MARKETING_VERSION = 1.0;
				PRODUCT_BUNDLE_IDENTIFIER = "se.ahmad.fifth-training";
				PRODUCT_NAME = "$(TARGET_NAME)";
				SWIFT_EMIT_LOC_STRINGS = YES;
				SWIFT_VERSION = 5.0;
				TARGETED_DEVICE_FAMILY = "1,2";
			};
			name = Debug;
		};
		BBC1CEEA2D1B392500D8BFB3 /* Release */ = {
			isa = XCBuildConfiguration;
			buildSettings = {
				ASSETCATALOG_COMPILER_APPICON_NAME = AppIcon;
				ASSETCATALOG_COMPILER_GLOBAL_ACCENT_COLOR_NAME = AccentColor;
				CODE_SIGN_STYLE = Automatic;
				CURRENT_PROJECT_VERSION = 1;
				DEVELOPMENT_ASSET_PATHS = "\"fifth training/Preview Content\"";
				ENABLE_PREVIEWS = YES;
				GENERATE_INFOPLIST_FILE = YES;
				INFOPLIST_KEY_UIApplicationSceneManifest_Generation = YES;
				INFOPLIST_KEY_UIApplicationSupportsIndirectInputEvents = YES;
				INFOPLIST_KEY_UILaunchScreen_Generation = YES;
				INFOPLIST_KEY_UISupportedInterfaceOrientations_iPad = "UIInterfaceOrientationPortrait UIInterfaceOrientationPortraitUpsideDown UIInterfaceOrientationLandscapeLeft UIInterfaceOrientationLandscapeRight";
				INFOPLIST_KEY_UISupportedInterfaceOrientations_iPhone = "UIInterfaceOrientationPortrait UIInterfaceOrientationLandscapeLeft UIInterfaceOrientationLandscapeRight";
				LD_RUNPATH_SEARCH_PATHS = (
					"$(inherited)",
					"@executable_path/Frameworks",
				);
				MARKETING_VERSION = 1.0;
				PRODUCT_BUNDLE_IDENTIFIER = "se.ahmad.fifth-training";
				PRODUCT_NAME = "$(TARGET_NAME)";
				SWIFT_EMIT_LOC_STRINGS = YES;
				SWIFT_VERSION = 5.0;
				TARGETED_DEVICE_FAMILY = "1,2";
			};
			name = Release;
		};
		BBC1CEEC2D1B392500D8BFB3 /* Debug */ = {
			isa = XCBuildConfiguration;
			buildSettings = {
				ALWAYS_EMBED_SWIFT_STANDARD_LIBRARIES = YES;
				BUNDLE_LOADER = "$(TEST_HOST)";
				CODE_SIGN_STYLE = Automatic;
				CURRENT_PROJECT_VERSION = 1;
				GENERATE_INFOPLIST_FILE = YES;
				IPHONEOS_DEPLOYMENT_TARGET = 17.5;
				MARKETING_VERSION = 1.0;
				PRODUCT_BUNDLE_IDENTIFIER = "se.ahmad.fifth-trainingTests";
				PRODUCT_NAME = "$(TARGET_NAME)";
				SWIFT_EMIT_LOC_STRINGS = NO;
				SWIFT_VERSION = 5.0;
				TARGETED_DEVICE_FAMILY = "1,2";
				TEST_HOST = "$(BUILT_PRODUCTS_DIR)/fifth training.app/$(BUNDLE_EXECUTABLE_FOLDER_PATH)/fifth training";
			};
			name = Debug;
		};
		BBC1CEED2D1B392500D8BFB3 /* Release */ = {
			isa = XCBuildConfiguration;
			buildSettings = {
				ALWAYS_EMBED_SWIFT_STANDARD_LIBRARIES = YES;
				BUNDLE_LOADER = "$(TEST_HOST)";
				CODE_SIGN_STYLE = Automatic;
				CURRENT_PROJECT_VERSION = 1;
				GENERATE_INFOPLIST_FILE = YES;
				IPHONEOS_DEPLOYMENT_TARGET = 17.5;
				MARKETING_VERSION = 1.0;
				PRODUCT_BUNDLE_IDENTIFIER = "se.ahmad.fifth-trainingTests";
				PRODUCT_NAME = "$(TARGET_NAME)";
				SWIFT_EMIT_LOC_STRINGS = NO;
				SWIFT_VERSION = 5.0;
				TARGETED_DEVICE_FAMILY = "1,2";
				TEST_HOST = "$(BUILT_PRODUCTS_DIR)/fifth training.app/$(BUNDLE_EXECUTABLE_FOLDER_PATH)/fifth training";
			};
			name = Release;
		};
		BBC1CEEF2D1B392500D8BFB3 /* Debug */ = {
			isa = XCBuildConfiguration;
			buildSettings = {
				ALWAYS_EMBED_SWIFT_STANDARD_LIBRARIES = YES;
				CODE_SIGN_STYLE = Automatic;
				CURRENT_PROJECT_VERSION = 1;
				GENERATE_INFOPLIST_FILE = YES;
				MARKETING_VERSION = 1.0;
				PRODUCT_BUNDLE_IDENTIFIER = "se.ahmad.fifth-trainingUITests";
				PRODUCT_NAME = "$(TARGET_NAME)";
				SWIFT_EMIT_LOC_STRINGS = NO;
				SWIFT_VERSION = 5.0;
				TARGETED_DEVICE_FAMILY = "1,2";
				TEST_TARGET_NAME = "fifth training";
			};
			name = Debug;
		};
		BBC1CEF02D1B392500D8BFB3 /* Release */ = {
			isa = XCBuildConfiguration;
			buildSettings = {
				ALWAYS_EMBED_SWIFT_STANDARD_LIBRARIES = YES;
				CODE_SIGN_STYLE = Automatic;
				CURRENT_PROJECT_VERSION = 1;
				GENERATE_INFOPLIST_FILE = YES;
				MARKETING_VERSION = 1.0;
				PRODUCT_BUNDLE_IDENTIFIER = "se.ahmad.fifth-trainingUITests";
				PRODUCT_NAME = "$(TARGET_NAME)";
				SWIFT_EMIT_LOC_STRINGS = NO;
				SWIFT_VERSION = 5.0;
				TARGETED_DEVICE_FAMILY = "1,2";
				TEST_TARGET_NAME = "fifth training";
			};
			name = Release;
		};
/* End XCBuildConfiguration section */

/* Begin XCConfigurationList section */
		BBC1CEBF2D1B392100D8BFB3 /* Build configuration list for PBXProject "fifth training" */ = {
			isa = XCConfigurationList;
			buildConfigurations = (
				BBC1CEE62D1B392500D8BFB3 /* Debug */,
				BBC1CEE72D1B392500D8BFB3 /* Release */,
			);
			defaultConfigurationIsVisible = 0;
			defaultConfigurationName = Release;
		};
		BBC1CEE82D1B392500D8BFB3 /* Build configuration list for PBXNativeTarget "fifth training" */ = {
			isa = XCConfigurationList;
			buildConfigurations = (
				BBC1CEE92D1B392500D8BFB3 /* Debug */,
				BBC1CEEA2D1B392500D8BFB3 /* Release */,
			);
			defaultConfigurationIsVisible = 0;
			defaultConfigurationName = Release;
		};
		BBC1CEEB2D1B392500D8BFB3 /* Build configuration list for PBXNativeTarget "fifth trainingTests" */ = {
			isa = XCConfigurationList;
			buildConfigurations = (
				BBC1CEEC2D1B392500D8BFB3 /* Debug */,
				BBC1CEED2D1B392500D8BFB3 /* Release */,
			);
			defaultConfigurationIsVisible = 0;
			defaultConfigurationName = Release;
		};
		BBC1CEEE2D1B392500D8BFB3 /* Build configuration list for PBXNativeTarget "fifth trainingUITests" */ = {
			isa = XCConfigurationList;
			buildConfigurations = (
				BBC1CEEF2D1B392500D8BFB3 /* Debug */,
				BBC1CEF02D1B392500D8BFB3 /* Release */,
			);
			defaultConfigurationIsVisible = 0;
			defaultConfigurationName = Release;
		};
/* End XCConfigurationList section */
	};
	rootObject = BBC1CEBC2D1B392100D8BFB3 /* Project object */;
}
